
Microsoft Visual Studio Solution File, Format Version 12.00
# Visual Studio Version 16
VisualStudioVersion = 25.0.1705.5
MinimumVisualStudioVersion = 10.0.40219.1
Project("{FAE04EC0-301F-11D3-BF4B-00C04F79EFBC}") = "ShopOnline", "ShopOnline.csproj", "{8411DCA1-33D4-4BEA-AF78-FF4565E98B85}"
EndProject
Project("{FAE04EC0-301F-11D3-BF4B-00C04F79EFBC}") = "ShopOnlineApi", "..\ShopOnlineApi\ShopOnlineApi.csproj", "{4C69D724-69EE-485F-8680-B0AA4ED2EECA}"
EndProject
Project("{FAE04EC0-301F-11D3-BF4B-00C04F79EFBC}") = "ShopOnline.Models", "..\ShopOnline.Models\ShopOnline.Models.csproj", "{2D459A98-F39D-4751-AD78-9BF8C4A09BBB}"
EndProject
Global
	GlobalSection(SolutionConfigurationPlatforms) = preSolution
		Debug|Any CPU = Debug|Any CPU
		Release|Any CPU = Release|Any CPU
	EndGlobalSection
	GlobalSection(ProjectConfigurationPlatforms) = postSolution
		{8411DCA1-33D4-4BEA-AF78-FF4565E98B85}.Debug|Any CPU.ActiveCfg = Debug|Any CPU
		{8411DCA1-33D4-4BEA-AF78-FF4565E98B85}.Debug|Any CPU.Build.0 = Debug|Any CPU
		{8411DCA1-33D4-4BEA-AF78-FF4565E98B85}.Release|Any CPU.ActiveCfg = Release|Any CPU
		{8411DCA1-33D4-4BEA-AF78-FF4565E98B85}.Release|Any CPU.Build.0 = Release|Any CPU
		{4C69D724-69EE-485F-8680-B0AA4ED2EECA}.Debug|Any CPU.ActiveCfg = Debug|Any CPU
		{4C69D724-69EE-485F-8680-B0AA4ED2EECA}.Debug|Any CPU.Build.0 = Debug|Any CPU
		{4C69D724-69EE-485F-8680-B0AA4ED2EECA}.Release|Any CPU.ActiveCfg = Release|Any CPU
		{4C69D724-69EE-485F-8680-B0AA4ED2EECA}.Release|Any CPU.Build.0 = Release|Any CPU
		{2D459A98-F39D-4751-AD78-9BF8C4A09BBB}.Debug|Any CPU.ActiveCfg = Debug|Any CPU
		{2D459A98-F39D-4751-AD78-9BF8C4A09BBB}.Debug|Any CPU.Build.0 = Debug|Any CPU
		{2D459A98-F39D-4751-AD78-9BF8C4A09BBB}.Release|Any CPU.ActiveCfg = Release|Any CPU
		{2D459A98-F39D-4751-AD78-9BF8C4A09BBB}.Release|Any CPU.Build.0 = Release|Any CPU
	EndGlobalSection
	GlobalSection(SolutionProperties) = preSolution
		HideSolutionNode = FALSE
	EndGlobalSection
	GlobalSection(ExtensibilityGlobals) = postSolution
		SolutionGuid = {E51C8779-55B1-4E2F-B6C7-0964B3398E9A}
	EndGlobalSection
EndGlobal
